<?xml version="1.0" encoding="utf-8"?>
<Project ToolsVersion="4.0" xmlns="http://schemas.microsoft.com/developer/msbuild/2003">
  <ItemGroup>
    <Filter Include="Hazel">
      <UniqueIdentifier>{99294D0D-053E-75BE-CEBF-181E3A9371EF}</UniqueIdentifier>
    </Filter>
    <Filter Include="Hazel\Events">
      <UniqueIdentifier>{5DEF92FE-4952-22A3-F2D7-5A59DE19EE25}</UniqueIdentifier>
    </Filter>
    <Filter Include="Hazel\ImGui">
      <UniqueIdentifier>{83AD5E9B-EF62-D790-7857-D167E40BCE94}</UniqueIdentifier>
    </Filter>
    <Filter Include="Platforms">
      <UniqueIdentifier>{DDACA145-4917-56BC-9255-0762FEFE3311}</UniqueIdentifier>
    </Filter>
    <Filter Include="Platforms\OpenGL">
      <UniqueIdentifier>{719BB998-5D94-D8EA-86C6-BD6F721EB8F6}</UniqueIdentifier>
    </Filter>
    <Filter Include="Platforms\Windows">
      <UniqueIdentifier>{17E40808-83FA-069E-CC71-92BF38C7D725}</UniqueIdentifier>
    </Filter>
  </ItemGroup>
  <ItemGroup>
    <ClInclude Include="src\Hazel.h" />
    <ClInclude Include="src\Hazel\Application.h">
      <Filter>Hazel</Filter>
    </ClInclude>
    <ClInclude Include="src\Hazel\Core.h">
      <Filter>Hazel</Filter>
    </ClInclude>
    <ClInclude Include="src\Hazel\EntryPoint.h">
      <Filter>Hazel</Filter>
    </ClInclude>
    <ClInclude Include="src\Hazel\Events\ApplicationEvent.h">
      <Filter>Hazel\Events</Filter>
    </ClInclude>
    <ClInclude Include="src\Hazel\Events\Event.h">
      <Filter>Hazel\Events</Filter>
    </ClInclude>
    <ClInclude Include="src\Hazel\Events\KeyEvent.h">
      <Filter>Hazel\Events</Filter>
    </ClInclude>
    <ClInclude Include="src\Hazel\Events\MouseEvent.h">
      <Filter>Hazel\Events</Filter>
    </ClInclude>
    <ClInclude Include="src\Hazel\ImGui\ImGuiLayer.h">
      <Filter>Hazel\ImGui</Filter>
    </ClInclude>
    <ClInclude Include="src\Hazel\Input.h">
      <Filter>Hazel</Filter>
    </ClInclude>
    <ClInclude Include="src\Hazel\KeyCodes.h">
      <Filter>Hazel</Filter>
    </ClInclude>
    <ClInclude Include="src\Hazel\Layer.h">
      <Filter>Hazel</Filter>
    </ClInclude>
    <ClInclude Include="src\Hazel\LayerStack.h">
      <Filter>Hazel</Filter>
    </ClInclude>
    <ClInclude Include="src\Hazel\Log.h">
      <Filter>Hazel</Filter>
    </ClInclude>
    <ClInclude Include="src\Hazel\MouseButtonCodes.h">
      <Filter>Hazel</Filter>
    </ClInclude>
    <ClInclude Include="src\Hazel\Window.h">
      <Filter>Hazel</Filter>
    </ClInclude>
    <ClInclude Include="src\Platforms\OpenGL\ImGuiOpenGLLoader.h">
      <Filter>Platforms\OpenGL</Filter>
    </ClInclude>
    <ClInclude Include="src\Platforms\OpenGL\ImGuiOpenGLRenderer.h">
      <Filter>Platforms\OpenGL</Filter>
    </ClInclude>
    <ClInclude Include="src\Platforms\Windows\WindowsInput.h">
      <Filter>Platforms\Windows</Filter>
    </ClInclude>
    <ClInclude Include="src\Platforms\Windows\WindowsWindow.h">
      <Filter>Platforms\Windows</Filter>
    </ClInclude>
    <ClInclude Include="src\hzpch.h" />
  </ItemGroup>
  <ItemGroup>
    <ClCompile Include="src\Hazel\Application.cpp">
      <Filter>Hazel</Filter>
    </ClCompile>
    <ClCompile Include="src\Hazel\ImGui\ImGuiLayer.cpp">
      <Filter>Hazel\ImGui</Filter>
    </ClCompile>
    <ClCompile Include="src\Hazel\Layer.cpp">
      <Filter>Hazel</Filter>
    </ClCompile>
    <ClCompile Include="src\Hazel\LayerStack.cpp">
      <Filter>Hazel</Filter>
    </ClCompile>
    <ClCompile Include="src\Hazel\Log.cpp">
      <Filter>Hazel</Filter>
    </ClCompile>
    <ClCompile Include="src\Platforms\OpenGL\ImGuiOpenGLRenderer.cpp">
      <Filter>Platforms\OpenGL</Filter>
    </ClCompile>
    <ClCompile Include="src\Platforms\Windows\WindowsInput.cpp">
      <Filter>Platforms\Windows</Filter>
    </ClCompile>
    <ClCompile Include="src\Platforms\Windows\WindowsWindow.cpp">
      <Filter>Platforms\Windows</Filter>
    </ClCompile>
    <ClCompile Include="src\hzpch.cpp" />
  </ItemGroup>
</Project>